// !$*UTF8*$!
{
	archiveVersion = 1;
	classes = {
	};
	objectVersion = 46;
	objects = {

/* Begin PBXBuildFile section */
		2D0054CD18FD09C500D840E2 /* Foundation.framework in Frameworks */ = {isa = PBXBuildFile; fileRef = 2D0054CC18FD09C500D840E2 /* Foundation.framework */; };
		2D0054CF18FD09C500D840E2 /* CoreGraphics.framework in Frameworks */ = {isa = PBXBuildFile; fileRef = 2D0054CE18FD09C500D840E2 /* CoreGraphics.framework */; };
		2D0054D118FD09C500D840E2 /* UIKit.framework in Frameworks */ = {isa = PBXBuildFile; fileRef = 2D0054D018FD09C500D840E2 /* UIKit.framework */; };
		2D0054D718FD09C500D840E2 /* InfoPlist.strings in Resources */ = {isa = PBXBuildFile; fileRef = 2D0054D518FD09C500D840E2 /* InfoPlist.strings */; };
		2D0054D918FD09C500D840E2 /* main.m in Sources */ = {isa = PBXBuildFile; fileRef = 2D0054D818FD09C500D840E2 /* main.m */; };
		2D0054DD18FD09C500D840E2 /* BOAppDelegate.m in Sources */ = {isa = PBXBuildFile; fileRef = 2D0054DC18FD09C500D840E2 /* BOAppDelegate.m */; };
		2D0054E018FD09C600D840E2 /* Main.storyboard in Resources */ = {isa = PBXBuildFile; fileRef = 2D0054DE18FD09C600D840E2 /* Main.storyboard */; };
		2D0054E318FD09C600D840E2 /* BOViewController.m in Sources */ = {isa = PBXBuildFile; fileRef = 2D0054E218FD09C600D840E2 /* BOViewController.m */; };
		2D0054E518FD09C600D840E2 /* Images.xcassets in Resources */ = {isa = PBXBuildFile; fileRef = 2D0054E418FD09C600D840E2 /* Images.xcassets */; };
		2D0054EC18FD09C700D840E2 /* XCTest.framework in Frameworks */ = {isa = PBXBuildFile; fileRef = 2D0054EB18FD09C700D840E2 /* XCTest.framework */; };
		2D0054ED18FD09C700D840E2 /* Foundation.framework in Frameworks */ = {isa = PBXBuildFile; fileRef = 2D0054CC18FD09C500D840E2 /* Foundation.framework */; };
		2D0054EE18FD09C700D840E2 /* UIKit.framework in Frameworks */ = {isa = PBXBuildFile; fileRef = 2D0054D018FD09C500D840E2 /* UIKit.framework */; };
		2D0054F618FD09C700D840E2 /* InfoPlist.strings in Resources */ = {isa = PBXBuildFile; fileRef = 2D0054F418FD09C700D840E2 /* InfoPlist.strings */; };
		2D0054F818FD09C700D840E2 /* ActivityIndicatorViewTests.m in Sources */ = {isa = PBXBuildFile; fileRef = 2D0054F718FD09C700D840E2 /* ActivityIndicatorViewTests.m */; };
/* End PBXBuildFile section */

/* Begin PBXContainerItemProxy section */
		2D0054EF18FD09C700D840E2 /* PBXContainerItemProxy */ = {
			isa = PBXContainerItemProxy;
			containerPortal = 2D0054C118FD09C500D840E2 /* Project object */;
			proxyType = 1;
			remoteGlobalIDString = 2D0054C818FD09C500D840E2;
			remoteInfo = ActivityIndicatorView;
		};
/* End PBXContainerItemProxy section */

/* Begin PBXFileReference section */
		2D0054C918FD09C500D840E2 /* ActivityIndicatorView.app */ = {isa = PBXFileReference; explicitFileType = wrapper.application; includeInIndex = 0; path = ActivityIndicatorView.app; sourceTree = BUILT_PRODUCTS_DIR; };
		2D0054CC18FD09C500D840E2 /* Foundation.framework */ = {isa = PBXFileReference; lastKnownFileType = wrapper.framework; name = Foundation.framework; path = System/Library/Frameworks/Foundation.framework; sourceTree = SDKROOT; };
		2D0054CE18FD09C500D840E2 /* CoreGraphics.framework */ = {isa = PBXFileReference; lastKnownFileType = wrapper.framework; name = CoreGraphics.framework; path = System/Library/Frameworks/CoreGraphics.framework; sourceTree = SDKROOT; };
		2D0054D018FD09C500D840E2 /* UIKit.framework */ = {isa = PBXFileReference; lastKnownFileType = wrapper.framework; name = UIKit.framework; path = System/Library/Frameworks/UIKit.framework; sourceTree = SDKROOT; };
		2D0054D418FD09C500D840E2 /* ActivityIndicatorView-Info.plist */ = {isa = PBXFileReference; lastKnownFileType = text.plist.xml; path = "ActivityIndicatorView-Info.plist"; sourceTree = "<group>"; };
		2D0054D618FD09C500D840E2 /* en */ = {isa = PBXFileReference; lastKnownFileType = text.plist.strings; name = en; path = en.lproj/InfoPlist.strings; sourceTree = "<group>"; };
		2D0054D818FD09C500D840E2 /* main.m */ = {isa = PBXFileReference; lastKnownFileType = sourcecode.c.objc; path = main.m; sourceTree = "<group>"; };
		2D0054DA18FD09C500D840E2 /* ActivityIndicatorView-Prefix.pch */ = {isa = PBXFileReference; lastKnownFileType = sourcecode.c.h; path = "ActivityIndicatorView-Prefix.pch"; sourceTree = "<group>"; };
		2D0054DB18FD09C500D840E2 /* BOAppDelegate.h */ = {isa = PBXFileReference; lastKnownFileType = sourcecode.c.h; path = BOAppDelegate.h; sourceTree = "<group>"; };
		2D0054DC18FD09C500D840E2 /* BOAppDelegate.m */ = {isa = PBXFileReference; lastKnownFileType = sourcecode.c.objc; path = BOAppDelegate.m; sourceTree = "<group>"; };
		2D0054DF18FD09C600D840E2 /* Base */ = {isa = PBXFileReference; lastKnownFileType = file.storyboard; name = Base; path = Base.lproj/Main.storyboard; sourceTree = "<group>"; };
		2D0054E118FD09C600D840E2 /* BOViewController.h */ = {isa = PBXFileReference; lastKnownFileType = sourcecode.c.h; path = BOViewController.h; sourceTree = "<group>"; };
		2D0054E218FD09C600D840E2 /* BOViewController.m */ = {isa = PBXFileReference; lastKnownFileType = sourcecode.c.objc; path = BOViewController.m; sourceTree = "<group>"; };
		2D0054E418FD09C600D840E2 /* Images.xcassets */ = {isa = PBXFileReference; lastKnownFileType = folder.assetcatalog; path = Images.xcassets; sourceTree = "<group>"; };
		2D0054EA18FD09C700D840E2 /* ActivityIndicatorViewTests.xctest */ = {isa = PBXFileReference; explicitFileType = wrapper.cfbundle; includeInIndex = 0; path = ActivityIndicatorViewTests.xctest; sourceTree = BUILT_PRODUCTS_DIR; };
		2D0054EB18FD09C700D840E2 /* XCTest.framework */ = {isa = PBXFileReference; lastKnownFileType = wrapper.framework; name = XCTest.framework; path = Library/Frameworks/XCTest.framework; sourceTree = DEVELOPER_DIR; };
		2D0054F318FD09C700D840E2 /* ActivityIndicatorViewTests-Info.plist */ = {isa = PBXFileReference; lastKnownFileType = text.plist.xml; path = "ActivityIndicatorViewTests-Info.plist"; sourceTree = "<group>"; };
		2D0054F518FD09C700D840E2 /* en */ = {isa = PBXFileReference; lastKnownFileType = text.plist.strings; name = en; path = en.lproj/InfoPlist.strings; sourceTree = "<group>"; };
		2D0054F718FD09C700D840E2 /* ActivityIndicatorViewTests.m */ = {isa = PBXFileReference; lastKnownFileType = sourcecode.c.objc; path = ActivityIndicatorViewTests.m; sourceTree = "<group>"; };
/* End PBXFileReference section */

/* Begin PBXFrameworksBuildPhase section */
		2D0054C618FD09C500D840E2 /* Frameworks */ = {
			isa = PBXFrameworksBuildPhase;
			buildActionMask = 2147483647;
			files = (
				2D0054CF18FD09C500D840E2 /* CoreGraphics.framework in Frameworks */,
				2D0054D118FD09C500D840E2 /* UIKit.framework in Frameworks */,
				2D0054CD18FD09C500D840E2 /* Foundation.framework in Frameworks */,
			);
			runOnlyForDeploymentPostprocessing = 0;
		};
		2D0054E718FD09C700D840E2 /* Frameworks */ = {
			isa = PBXFrameworksBuildPhase;
			buildActionMask = 2147483647;
			files = (
				2D0054EC18FD09C700D840E2 /* XCTest.framework in Frameworks */,
				2D0054EE18FD09C700D840E2 /* UIKit.framework in Frameworks */,
				2D0054ED18FD09C700D840E2 /* Foundation.framework in Frameworks */,
			);
			runOnlyForDeploymentPostprocessing = 0;
		};
/* End PBXFrameworksBuildPhase section */

/* Begin PBXGroup section */
		2D0054C018FD09C500D840E2 = {
			isa = PBXGroup;
			children = (
				2D0054D218FD09C500D840E2 /* ActivityIndicatorView */,
				2D0054F118FD09C700D840E2 /* ActivityIndicatorViewTests */,
				2D0054CB18FD09C500D840E2 /* Frameworks */,
				2D0054CA18FD09C500D840E2 /* Products */,
			);
			sourceTree = "<group>";
		};
		2D0054CA18FD09C500D840E2 /* Products */ = {
			isa = PBXGroup;
			children = (
				2D0054C918FD09C500D840E2 /* ActivityIndicatorView.app */,
				2D0054EA18FD09C700D840E2 /* ActivityIndicatorViewTests.xctest */,
			);
			name = Products;
			sourceTree = "<group>";
		};
		2D0054CB18FD09C500D840E2 /* Frameworks */ = {
			isa = PBXGroup;
			children = (
				2D0054CC18FD09C500D840E2 /* Foundation.framework */,
				2D0054CE18FD09C500D840E2 /* CoreGraphics.framework */,
				2D0054D018FD09C500D840E2 /* UIKit.framework */,
				2D0054EB18FD09C700D840E2 /* XCTest.framework */,
			);
			name = Frameworks;
			sourceTree = "<group>";
		};
		2D0054D218FD09C500D840E2 /* ActivityIndicatorView */ = {
			isa = PBXGroup;
			children = (
				2D0054DB18FD09C500D840E2 /* BOAppDelegate.h */,
				2D0054DC18FD09C500D840E2 /* BOAppDelegate.m */,
				2D0054DE18FD09C600D840E2 /* Main.storyboard */,
				2D0054E118FD09C600D840E2 /* BOViewController.h */,
				2D0054E218FD09C600D840E2 /* BOViewController.m */,
				2D0054E418FD09C600D840E2 /* Images.xcassets */,
				2D0054D318FD09C500D840E2 /* Supporting Files */,
			);
			path = ActivityIndicatorView;
			sourceTree = "<group>";
		};
		2D0054D318FD09C500D840E2 /* Supporting Files */ = {
			isa = PBXGroup;
			children = (
				2D0054D418FD09C500D840E2 /* ActivityIndicatorView-Info.plist */,
				2D0054D518FD09C500D840E2 /* InfoPlist.strings */,
				2D0054D818FD09C500D840E2 /* main.m */,
				2D0054DA18FD09C500D840E2 /* ActivityIndicatorView-Prefix.pch */,
			);
			name = "Supporting Files";
			sourceTree = "<group>";
		};
		2D0054F118FD09C700D840E2 /* ActivityIndicatorViewTests */ = {
			isa = PBXGroup;
			children = (
				2D0054F718FD09C700D840E2 /* ActivityIndicatorViewTests.m */,
				2D0054F218FD09C700D840E2 /* Supporting Files */,
			);
			path = ActivityIndicatorViewTests;
			sourceTree = "<group>";
		};
		2D0054F218FD09C700D840E2 /* Supporting Files */ = {
			isa = PBXGroup;
			children = (
				2D0054F318FD09C700D840E2 /* ActivityIndicatorViewTests-Info.plist */,
				2D0054F418FD09C700D840E2 /* InfoPlist.strings */,
			);
			name = "Supporting Files";
			sourceTree = "<group>";
		};
/* End PBXGroup section */

/* Begin PBXNativeTarget section */
		2D0054C818FD09C500D840E2 /* ActivityIndicatorView */ = {
			isa = PBXNativeTarget;
			buildConfigurationList = 2D0054FB18FD09C700D840E2 /* Build configuration list for PBXNativeTarget "ActivityIndicatorView" */;
			buildPhases = (
				2D0054C518FD09C500D840E2 /* Sources */,
				2D0054C618FD09C500D840E2 /* Frameworks */,
				2D0054C718FD09C500D840E2 /* Resources */,
			);
			buildRules = (
			);
			dependencies = (
			);
			name = ActivityIndicatorView;
			productName = ActivityIndicatorView;
			productReference = 2D0054C918FD09C500D840E2 /* ActivityIndicatorView.app */;
			productType = "com.apple.product-type.application";
		};
		2D0054E918FD09C700D840E2 /* ActivityIndicatorViewTests */ = {
			isa = PBXNativeTarget;
			buildConfigurationList = 2D0054FE18FD09C700D840E2 /* Build configuration list for PBXNativeTarget "ActivityIndicatorViewTests" */;
			buildPhases = (
				2D0054E618FD09C700D840E2 /* Sources */,
				2D0054E718FD09C700D840E2 /* Frameworks */,
				2D0054E818FD09C700D840E2 /* Resources */,
			);
			buildRules = (
			);
			dependencies = (
				2D0054F018FD09C700D840E2 /* PBXTargetDependency */,
			);
			name = ActivityIndicatorViewTests;
			productName = ActivityIndicatorViewTests;
			productReference = 2D0054EA18FD09C700D840E2 /* ActivityIndicatorViewTests.xctest */;
			productType = "com.apple.product-type.bundle.unit-test";
		};
/* End PBXNativeTarget section */

/* Begin PBXProject section */
		2D0054C118FD09C500D840E2 /* Project object */ = {
			isa = PBXProject;
			attributes = {
				CLASSPREFIX = BO;
				LastUpgradeCheck = 0510;
				ORGANIZATIONNAME = Bala;
				TargetAttributes = {
					2D0054E918FD09C700D840E2 = {
						TestTargetID = 2D0054C818FD09C500D840E2;
					};
				};
			};
			buildConfigurationList = 2D0054C418FD09C500D840E2 /* Build configuration list for PBXProject "ActivityIndicatorView" */;
			compatibilityVersion = "Xcode 3.2";
			developmentRegion = English;
			hasScannedForEncodings = 0;
			knownRegions = (
				en,
				Base,
			);
			mainGroup = 2D0054C018FD09C500D840E2;
			productRefGroup = 2D0054CA18FD09C500D840E2 /* Products */;
			projectDirPath = "";
			projectRoot = "";
			targets = (
				2D0054C818FD09C500D840E2 /* ActivityIndicatorView */,
				2D0054E918FD09C700D840E2 /* ActivityIndicatorViewTests */,
			);
		};
/* End PBXProject section */

/* Begin PBXResourcesBuildPhase section */
		2D0054C718FD09C500D840E2 /* Resources */ = {
			isa = PBXResourcesBuildPhase;
			buildActionMask = 2147483647;
			files = (
				2D0054E518FD09C600D840E2 /* Images.xcassets in Resources */,
				2D0054D718FD09C500D840E2 /* InfoPlist.strings in Resources */,
				2D0054E018FD09C600D840E2 /* Main.storyboard in Resources */,
			);
			runOnlyForDeploymentPostprocessing = 0;
		};
		2D0054E818FD09C700D840E2 /* Resources */ = {
			isa = PBXResourcesBuildPhase;
			buildActionMask = 2147483647;
			files = (
				2D0054F618FD09C700D840E2 /* InfoPlist.strings in Resources */,
			);
			runOnlyForDeploymentPostprocessing = 0;
		};
/* End PBXResourcesBuildPhase section */

/* Begin PBXSourcesBuildPhase section */
		2D0054C518FD09C500D840E2 /* Sources */ = {
			isa = PBXSourcesBuildPhase;
			buildActionMask = 2147483647;
			files = (
				2D0054E318FD09C600D840E2 /* BOViewController.m in Sources */,
				2D0054D918FD09C500D840E2 /* main.m in Sources */,
				2D0054DD18FD09C500D840E2 /* BOAppDelegate.m in Sources */,
			);
			runOnlyForDeploymentPostprocessing = 0;
		};
		2D0054E618FD09C700D840E2 /* Sources */ = {
			isa = PBXSourcesBuildPhase;
			buildActionMask = 2147483647;
			files = (
				2D0054F818FD09C700D840E2 /* ActivityIndicatorViewTests.m in Sources */,
			);
			runOnlyForDeploymentPostprocessing = 0;
		};
/* End PBXSourcesBuildPhase section */

/* Begin PBXTargetDependency section */
		2D0054F018FD09C700D840E2 /* PBXTargetDependency */ = {
			isa = PBXTargetDependency;
			target = 2D0054C818FD09C500D840E2 /* ActivityIndicatorView */;
			targetProxy = 2D0054EF18FD09C700D840E2 /* PBXContainerItemProxy */;
		};
/* End PBXTargetDependency section */

/* Begin PBXVariantGroup section */
		2D0054D518FD09C500D840E2 /* InfoPlist.strings */ = {
			isa = PBXVariantGroup;
			children = (
				2D0054D618FD09C500D840E2 /* en */,
			);
			name = InfoPlist.strings;
			sourceTree = "<group>";
		};
		2D0054DE18FD09C600D840E2 /* Main.storyboard */ = {
			isa = PBXVariantGroup;
			children = (
				2D0054DF18FD09C600D840E2 /* Base */,
			);
			name = Main.storyboard;
			sourceTree = "<group>";
		};
		2D0054F418FD09C700D840E2 /* InfoPlist.strings */ = {
			isa = PBXVariantGroup;
			children = (
				2D0054F518FD09C700D840E2 /* en */,
			);
			name = InfoPlist.strings;
			sourceTree = "<group>";
		};
/* End PBXVariantGroup section */

/* Begin XCBuildConfiguration section */
		2D0054F918FD09C700D840E2 /* Debug */ = {
			isa = XCBuildConfiguration;
			buildSettings = {
				ALWAYS_SEARCH_USER_PATHS = NO;
				CLANG_CXX_LANGUAGE_STANDARD = "gnu++0x";
				CLANG_CXX_LIBRARY = "libc++";
				CLANG_ENABLE_MODULES = YES;
				CLANG_ENABLE_OBJC_ARC = YES;
				CLANG_WARN_BOOL_CONVERSION = YES;
				CLANG_WARN_CONSTANT_CONVERSION = YES;
				CLANG_WARN_DIRECT_OBJC_ISA_USAGE = YES_ERROR;
				CLANG_WARN_EMPTY_BODY = YES;
				CLANG_WARN_ENUM_CONVERSION = YES;
				CLANG_WARN_INT_CONVERSION = YES;
				CLANG_WARN_OBJC_ROOT_CLASS = YES_ERROR;
				CLANG_WARN__DUPLICATE_METHOD_MATCH = YES;
				"CODE_SIGN_IDENTITY[sdk=iphoneos*]" = "iPhone Developer";
				COPY_PHASE_STRIP = NO;
				GCC_C_LANGUAGE_STANDARD = gnu99;
				GCC_DYNAMIC_NO_PIC = NO;
				GCC_OPTIMIZATION_LEVEL = 0;
				GCC_PREPROCESSOR_DEFINITIONS = (
					"DEBUG=1",
					"$(inherited)",
				);
				GCC_SYMBOLS_PRIVATE_EXTERN = NO;
				GCC_WARN_64_TO_32_BIT_CONVERSION = YES;
				GCC_WARN_ABOUT_RETURN_TYPE = YES_ERROR;
				GCC_WARN_UNDECLARED_SELECTOR = YES;
				GCC_WARN_UNINITIALIZED_AUTOS = YES_AGGRESSIVE;
				GCC_WARN_UNUSED_FUNCTION = YES;
				GCC_WARN_UNUSED_VARIABLE = YES;
				IPHONEOS_DEPLOYMENT_TARGET = 7.1;
				ONLY_ACTIVE_ARCH = YES;
				SDKROOT = iphoneos;
			};
			name = Debug;
		};
		2D0054FA18FD09C700D840E2 /* Release */ = {
			isa = XCBuildConfiguration;
			buildSettings = {
				ALWAYS_SEARCH_USER_PATHS = NO;
				CLANG_CXX_LANGUAGE_STANDARD = "gnu++0x";
				CLANG_CXX_LIBRARY = "libc++";
				CLANG_ENABLE_MODULES = YES;
				CLANG_ENABLE_OBJC_ARC = YES;
				CLANG_WARN_BOOL_CONVERSION = YES;
				CLANG_WARN_CONSTANT_CONVERSION = YES;
				CLANG_WARN_DIRECT_OBJC_ISA_USAGE = YES_ERROR;
				CLANG_WARN_EMPTY_BODY = YES;
				CLANG_WARN_ENUM_CONVERSION = YES;
				CLANG_WARN_INT_CONVERSION = YES;
				CLANG_WARN_OBJC_ROOT_CLASS = YES_ERROR;
				CLANG_WARN__DUPLICATE_METHOD_MATCH = YES;
				"CODE_SIGN_IDENTITY[sdk=iphoneos*]" = "iPhone Developer";
				COPY_PHASE_STRIP = YES;
				ENABLE_NS_ASSERTIONS = NO;
				GCC_C_LANGUAGE_STANDARD = gnu99;
				GCC_WARN_64_TO_32_BIT_CONVERSION = YES;
				GCC_WARN_ABOUT_RETURN_TYPE = YES_ERROR;
				GCC_WARN_UNDECLARED_SELECTOR = YES;
				GCC_WARN_UNINITIALIZED_AUTOS = YES_AGGRESSIVE;
				GCC_WARN_UNUSED_FUNCTION = YES;
				GCC_WARN_UNUSED_VARIABLE = YES;
				IPHONEOS_DEPLOYMENT_TARGET = 7.1;
				SDKROOT = iphoneos;
				VALIDATE_PRODUCT = YES;
			};
			name = Release;
		};
		2D0054FC18FD09C700D840E2 /* Debug */ = {
			isa = XCBuildConfiguration;
			buildSettings = {
				ASSETCATALOG_COMPILER_APPICON_NAME = AppIcon;
				ASSETCATALOG_COMPILER_LAUNCHIMAGE_NAME = LaunchImage;
				GCC_PRECOMPILE_PREFIX_HEADER = YES;
				GCC_PREFIX_HEADER = "ActivityIndicatorView/ActivityIndicatorView-Prefix.pch";
				INFOPLIST_FILE = "ActivityIndicatorView/ActivityIndicatorView-Info.plist";
				IPHONEOS_DEPLOYMENT_TARGET = 6.0;
				PRODUCT_NAME = "$(TARGET_NAME)";
				TARGETED_DEVICE_FAMILY = 1;
				WRAPPER_EXTENSION = app;
			};
			name = Debug;
		};
		2D0054FD18FD09C700D840E2 /* Release */ = {
			isa = XCBuildConfiguration;
			buildSettings = {
				ASSETCATALOG_COMPILER_APPICON_NAME = AppIcon;
				ASSETCATALOG_COMPILER_LAUNCHIMAGE_NAME = LaunchImage;
				GCC_PRECOMPILE_PREFIX_HEADER = YES;
				GCC_PREFIX_HEADER = "ActivityIndicatorView/ActivityIndicatorView-Prefix.pch";
				INFOPLIST_FILE = "ActivityIndicatorView/ActivityIndicatorView-Info.plist";
				IPHONEOS_DEPLOYMENT_TARGET = 6.0;
				PRODUCT_NAME = "$(TARGET_NAME)";
				TARGETED_DEVICE_FAMILY = 1;
				WRAPPER_EXTENSION = app;
			};
			name = Release;
		};
		2D0054FF18FD09C700D840E2 /* Debug */ = {
			isa = XCBuildConfiguration;
			buildSettings = {
				BUNDLE_LOADER = "$(BUILT_PRODUCTS_DIR)/ActivityIndicatorView.app/ActivityIndicatorView";
				FRAMEWORK_SEARCH_PATHS = (
					"$(SDKROOT)/Developer/Library/Frameworks",
					"$(inherited)",
					"$(DEVELOPER_FRAMEWORKS_DIR)",
				);
				GCC_PRECOMPILE_PREFIX_HEADER = YES;
				GCC_PREFIX_HEADER = "ActivityIndicatorView/ActivityIndicatorView-Prefix.pch";
				GCC_PREPROCESSOR_DEFINITIONS = (
					"DEBUG=1",
					"$(inherited)",
				);
				INFOPLIST_FILE = "ActivityIndicatorViewTests/ActivityIndicatorViewTests-Info.plist";
				PRODUCT_NAME = "$(TARGET_NAME)";
				TEST_HOST = "$(BUNDLE_LOADER)";
				WRAPPER_EXTENSION = xctest;
			};
			name = Debug;
		};
		2D00550018FD09C700D840E2 /* Release */ = {
			isa = XCBuildConfiguration;
			buildSettings = {
				BUNDLE_LOADER = "$(BUILT_PRODUCTS_DIR)/ActivityIndicatorView.app/ActivityIndicatorView";
				FRAMEWORK_SEARCH_PATHS = (
					"$(SDKROOT)/Developer/Library/Frameworks",
					"$(inherited)",
					"$(DEVELOPER_FRAMEWORKS_DIR)",
				);
				GCC_PRECOMPILE_PREFIX_HEADER = YES;
				GCC_PREFIX_HEADER = "ActivityIndicatorView/ActivityIndicatorView-Prefix.pch";
				INFOPLIST_FILE = "ActivityIndicatorViewTests/ActivityIndicatorViewTests-Info.plist";
				PRODUCT_NAME = "$(TARGET_NAME)";
				TEST_HOST = "$(BUNDLE_LOADER)";
				WRAPPER_EXTENSION = xctest;
			};
			name = Release;
		};
/* End XCBuildConfiguration section */

/* Begin XCConfigurationList section */
		2D0054C418FD09C500D840E2 /* Build configuration list for PBXProject "ActivityIndicatorView" */ = {
			isa = XCConfigurationList;
			buildConfigurations = (
				2D0054F918FD09C700D840E2 /* Debug */,
				2D0054FA18FD09C700D840E2 /* Release */,
			);
			defaultConfigurationIsVisible = 0;
			defaultConfigurationName = Release;
		};
		2D0054FB18FD09C700D840E2 /* Build configuration list for PBXNativeTarget "ActivityIndicatorView" */ = {
			isa = XCConfigurationList;
			buildConfigurations = (
				2D0054FC18FD09C700D840E2 /* Debug */,
				2D0054FD18FD09C700D840E2 /* Release */,
			);
			defaultConfigurationIsVisible = 0;
		};
		2D0054FE18FD09C700D840E2 /* Build configuration list for PBXNativeTarget "ActivityIndicatorViewTests" */ = {
			isa = XCConfigurationList;
			buildConfigurations = (
				2D0054FF18FD09C700D840E2 /* Debug */,
				2D00550018FD09C700D840E2 /* Release */,
			);
			defaultConfigurationIsVisible = 0;
		};
/* End XCConfigurationList section */
	};
	rootObject = 2D0054C118FD09C500D840E2 /* Project object */;
}
